
Microsoft Visual Studio Solution File, Format Version 12.00
# Visual Studio 14
VisualStudioVersion = 14.0.25420.1
MinimumVisualStudioVersion = 10.0.40219.1
Project("{FAE04EC0-301F-11D3-BF4B-00C04F79EFBC}") = "Presentation", "Presentation\Presentation.csproj", "{6D815C26-7EC8-4B31-945C-8969621D359B}"
EndProject
Project("{2150E333-8FDC-42A3-9474-1A3956D46DE8}") = "UI", "UI", "{698C0905-544D-4401-80BF-5A6B6222D740}"
EndProject
Project("{2150E333-8FDC-42A3-9474-1A3956D46DE8}") = "API", "API", "{1C0758DB-9094-4AF0-91BF-ACDAD9BE13D9}"
EndProject
Project("{FAE04EC0-301F-11D3-BF4B-00C04F79EFBC}") = "WebApi", "WebApi\WebApi.csproj", "{512AC598-D143-4F36-A482-3534842BB77F}"
EndProject
Project("{2150E333-8FDC-42A3-9474-1A3956D46DE8}") = "Data", "Data", "{AA9E50E0-81E0-436E-BF73-2E8CBC0D1C82}"
EndProject
Project("{FAE04EC0-301F-11D3-BF4B-00C04F79EFBC}") = "Data", "Data\Data.csproj", "{28EB4BED-E303-450E-9D82-C55E603373F9}"
EndProject
Project("{2150E333-8FDC-42A3-9474-1A3956D46DE8}") = "Dto", "Dto", "{8BE2722E-5B77-42BA-850B-477D99A93B66}"
EndProject
Project("{FAE04EC0-301F-11D3-BF4B-00C04F79EFBC}") = "Dto", "Dto\Dto.csproj", "{684A7EF0-4857-4B9B-AE6D-84B3B7385541}"
EndProject
Project("{FAE04EC0-301F-11D3-BF4B-00C04F79EFBC}") = "Infrastructure", "Infrastructure\Infrastructure.csproj", "{A6C2A986-CAF2-44B0-9040-E8260880B292}"
EndProject
Project("{2150E333-8FDC-42A3-9474-1A3956D46DE8}") = "Service", "Service", "{3E384176-44A7-4DCE-B4D6-36724B9AF3F9}"
EndProject
Project("{FAE04EC0-301F-11D3-BF4B-00C04F79EFBC}") = "Service", "Service\Service.csproj", "{46588274-0ABC-4FB9-9ECA-396A0A66800B}"
EndProject
Global
	GlobalSection(SolutionConfigurationPlatforms) = preSolution
		Debug|Any CPU = Debug|Any CPU
		Release|Any CPU = Release|Any CPU
	EndGlobalSection
	GlobalSection(ProjectConfigurationPlatforms) = postSolution
		{6D815C26-7EC8-4B31-945C-8969621D359B}.Debug|Any CPU.ActiveCfg = Debug|Any CPU
		{6D815C26-7EC8-4B31-945C-8969621D359B}.Debug|Any CPU.Build.0 = Debug|Any CPU
		{6D815C26-7EC8-4B31-945C-8969621D359B}.Release|Any CPU.ActiveCfg = Release|Any CPU
		{6D815C26-7EC8-4B31-945C-8969621D359B}.Release|Any CPU.Build.0 = Release|Any CPU
		{512AC598-D143-4F36-A482-3534842BB77F}.Debug|Any CPU.ActiveCfg = Debug|Any CPU
		{512AC598-D143-4F36-A482-3534842BB77F}.Debug|Any CPU.Build.0 = Debug|Any CPU
		{512AC598-D143-4F36-A482-3534842BB77F}.Release|Any CPU.ActiveCfg = Release|Any CPU
		{512AC598-D143-4F36-A482-3534842BB77F}.Release|Any CPU.Build.0 = Release|Any CPU
		{28EB4BED-E303-450E-9D82-C55E603373F9}.Debug|Any CPU.ActiveCfg = Debug|Any CPU
		{28EB4BED-E303-450E-9D82-C55E603373F9}.Debug|Any CPU.Build.0 = Debug|Any CPU
		{28EB4BED-E303-450E-9D82-C55E603373F9}.Release|Any CPU.ActiveCfg = Release|Any CPU
		{28EB4BED-E303-450E-9D82-C55E603373F9}.Release|Any CPU.Build.0 = Release|Any CPU
		{684A7EF0-4857-4B9B-AE6D-84B3B7385541}.Debug|Any CPU.ActiveCfg = Debug|Any CPU
		{684A7EF0-4857-4B9B-AE6D-84B3B7385541}.Debug|Any CPU.Build.0 = Debug|Any CPU
		{684A7EF0-4857-4B9B-AE6D-84B3B7385541}.Release|Any CPU.ActiveCfg = Release|Any CPU
		{684A7EF0-4857-4B9B-AE6D-84B3B7385541}.Release|Any CPU.Build.0 = Release|Any CPU
		{A6C2A986-CAF2-44B0-9040-E8260880B292}.Debug|Any CPU.ActiveCfg = Debug|Any CPU
		{A6C2A986-CAF2-44B0-9040-E8260880B292}.Debug|Any CPU.Build.0 = Debug|Any CPU
		{A6C2A986-CAF2-44B0-9040-E8260880B292}.Release|Any CPU.ActiveCfg = Release|Any CPU
		{A6C2A986-CAF2-44B0-9040-E8260880B292}.Release|Any CPU.Build.0 = Release|Any CPU
		{46588274-0ABC-4FB9-9ECA-396A0A66800B}.Debug|Any CPU.ActiveCfg = Debug|Any CPU
		{46588274-0ABC-4FB9-9ECA-396A0A66800B}.Debug|Any CPU.Build.0 = Debug|Any CPU
		{46588274-0ABC-4FB9-9ECA-396A0A66800B}.Release|Any CPU.ActiveCfg = Release|Any CPU
		{46588274-0ABC-4FB9-9ECA-396A0A66800B}.Release|Any CPU.Build.0 = Release|Any CPU
	EndGlobalSection
	GlobalSection(SolutionProperties) = preSolution
		HideSolutionNode = FALSE
	EndGlobalSection
	GlobalSection(NestedProjects) = preSolution
		{6D815C26-7EC8-4B31-945C-8969621D359B} = {698C0905-544D-4401-80BF-5A6B6222D740}
		{512AC598-D143-4F36-A482-3534842BB77F} = {1C0758DB-9094-4AF0-91BF-ACDAD9BE13D9}
		{28EB4BED-E303-450E-9D82-C55E603373F9} = {AA9E50E0-81E0-436E-BF73-2E8CBC0D1C82}
		{684A7EF0-4857-4B9B-AE6D-84B3B7385541} = {8BE2722E-5B77-42BA-850B-477D99A93B66}
		{A6C2A986-CAF2-44B0-9040-E8260880B292} = {AA9E50E0-81E0-436E-BF73-2E8CBC0D1C82}
		{46588274-0ABC-4FB9-9ECA-396A0A66800B} = {3E384176-44A7-4DCE-B4D6-36724B9AF3F9}
	EndGlobalSection
EndGlobal
